
Microsoft Visual Studio Solution File, Format Version 12.00
# Visual Studio Version 17
VisualStudioVersion = 17.14.36930.0
MinimumVisualStudioVersion = 10.0.40219.1
Project("{FAE04EC0-301F-11D3-BF4B-00C04F79EFBC}") = "PerformansysAnalys", "PerformansysAnalys\PerformansysAnalys.csproj", "{7C932AE8-2001-4606-8B3A-8D0975F54E05}"
EndProject
Project("{FAE04EC0-301F-11D3-BF4B-00C04F79EFBC}") = "Tests", "Tests\Tests.csproj", "{FD2C9072-A0CF-4618-8C29-3665EC297D0F}"
EndProject
Project("{2150E333-8FDC-42A3-9474-1A3956D46DE8}") = ".github", ".github", "{36D591C7-65C7-A0D1-1CBC-10CDE441BDC8}"
EndProject
Project("{2150E333-8FDC-42A3-9474-1A3956D46DE8}") = "workflows", "workflows", "{9995CD47-A5F4-405A-A15D-228F24F98728}"
	ProjectSection(SolutionItems) = preProject
		ci-cd.yml = ci-cd.yml
	EndProjectSection
EndProject
Project("{2150E333-8FDC-42A3-9474-1A3956D46DE8}") = "Элементы решения", "Элементы решения", "{754FC069-D67B-A9D7-50A1-8D1CA196D8F1}"
	ProjectSection(SolutionItems) = preProject
		.env = .env
		docker-compose.yml = docker-compose.yml
		Dockerlife = Dockerlife
	EndProjectSection
EndProject
Global
	GlobalSection(SolutionConfigurationPlatforms) = preSolution
		Debug|Any CPU = Debug|Any CPU
		Release|Any CPU = Release|Any CPU
	EndGlobalSection
	GlobalSection(ProjectConfigurationPlatforms) = postSolution
		{7C932AE8-2001-4606-8B3A-8D0975F54E05}.Debug|Any CPU.ActiveCfg = Debug|Any CPU
		{7C932AE8-2001-4606-8B3A-8D0975F54E05}.Debug|Any CPU.Build.0 = Debug|Any CPU
		{7C932AE8-2001-4606-8B3A-8D0975F54E05}.Release|Any CPU.ActiveCfg = Release|Any CPU
		{7C932AE8-2001-4606-8B3A-8D0975F54E05}.Release|Any CPU.Build.0 = Release|Any CPU
		{FD2C9072-A0CF-4618-8C29-3665EC297D0F}.Debug|Any CPU.ActiveCfg = Debug|Any CPU
		{FD2C9072-A0CF-4618-8C29-3665EC297D0F}.Debug|Any CPU.Build.0 = Debug|Any CPU
		{FD2C9072-A0CF-4618-8C29-3665EC297D0F}.Release|Any CPU.ActiveCfg = Release|Any CPU
		{FD2C9072-A0CF-4618-8C29-3665EC297D0F}.Release|Any CPU.Build.0 = Release|Any CPU
	EndGlobalSection
	GlobalSection(SolutionProperties) = preSolution
		HideSolutionNode = FALSE
	EndGlobalSection
	GlobalSection(NestedProjects) = preSolution
		{9995CD47-A5F4-405A-A15D-228F24F98728} = {36D591C7-65C7-A0D1-1CBC-10CDE441BDC8}
	EndGlobalSection
	GlobalSection(ExtensibilityGlobals) = postSolution
		SolutionGuid = {C90C676D-F9C6-4911-A150-3D4C5E8ABD7C}
	EndGlobalSection
EndGlobal
